
Microsoft Visual Studio Solution File, Format Version 12.00
Project("{FAE04EC0-301F-11D3-BF4B-00C04F79EFBC}") = "Mqtt.Client", "Mqtt.Client\Mqtt.Client.csproj", "{775567E3-BB3A-45E0-8734-C85A73E97F2D}"
EndProject
Project("{FAE04EC0-301F-11D3-BF4B-00C04F79EFBC}") = "Mqtt.Server", "Mqtt.Server\Mqtt.Server.csproj", "{9F732426-DEF4-48ED-A1A8-C77B65399466}"
EndProject
Global
	GlobalSection(SolutionConfigurationPlatforms) = preSolution
		Debug|Any CPU = Debug|Any CPU
		Release|Any CPU = Release|Any CPU
	EndGlobalSection
	GlobalSection(ProjectConfigurationPlatforms) = postSolution
		{775567E3-BB3A-45E0-8734-C85A73E97F2D}.Debug|Any CPU.ActiveCfg = Debug|Any CPU
		{775567E3-BB3A-45E0-8734-C85A73E97F2D}.Debug|Any CPU.Build.0 = Debug|Any CPU
		{775567E3-BB3A-45E0-8734-C85A73E97F2D}.Release|Any CPU.ActiveCfg = Release|Any CPU
		{775567E3-BB3A-45E0-8734-C85A73E97F2D}.Release|Any CPU.Build.0 = Release|Any CPU
		{9F732426-DEF4-48ED-A1A8-C77B65399466}.Debug|Any CPU.ActiveCfg = Debug|Any CPU
		{9F732426-DEF4-48ED-A1A8-C77B65399466}.Debug|Any CPU.Build.0 = Debug|Any CPU
		{9F732426-DEF4-48ED-A1A8-C77B65399466}.Release|Any CPU.ActiveCfg = Release|Any CPU
		{9F732426-DEF4-48ED-A1A8-C77B65399466}.Release|Any CPU.Build.0 = Release|Any CPU
	EndGlobalSection
EndGlobal
